<?xml version="1.0" encoding="utf-8"?>
<Project ToolsVersion="4.0" xmlns="http://schemas.microsoft.com/developer/msbuild/2003">
  <ItemGroup>
    <Filter Include="Source Files">
      <UniqueIdentifier>{4FC737F1-C7A5-4376-A066-2A32D752A2FF}</UniqueIdentifier>
      <Extensions>cpp;c;cc;cxx;def;odl;idl;hpj;bat;asm;asmx</Extensions>
    </Filter>
    <Filter Include="Header Files">
      <UniqueIdentifier>{93995380-89BD-4b04-88EB-625FBE52EBFB}</UniqueIdentifier>
      <Extensions>h;hh;hpp;hxx;hm;inl;inc;xsd</Extensions>
    </Filter>
    <Filter Include="Resource Files">
      <UniqueIdentifier>{67DA6AB6-F800-4c08-8B7A-83BB121AAD01}</UniqueIdentifier>
      <Extensions>rc;ico;cur;bmp;dlg;rc2;rct;bin;rgs;gif;jpg;jpeg;jpe;resx;tiff;tif;png;wav;mfcribbon-ms</Extensions>
    </Filter>
  </ItemGroup>
  <ItemGroup>
    <Text Include="ReadMe.txt" />
  </ItemGroup>
  <ItemGroup>
    <ClInclude Include="Homography.h">
      <Filter>Header Files</Filter>
    </ClInclude>
    <ClInclude Include="Kernel.Algo.AdaptWnd.h">
      <Filter>Header Files</Filter>
    </ClInclude>
    <ClInclude Include="Kernel.Algo.ArraySum.h">
      <Filter>Header Files</Filter>
    </ClInclude>
    <ClInclude Include="CreateMipMaps.h">
      <Filter>Header Files</Filter>
    </ClInclude>
    <ClInclude Include="RectifyImage.h">
      <Filter>Header Files</Filter>
    </ClInclude>
    <ClInclude Include="CensusTransform.h">
      <Filter>Header Files</Filter>
    </ClInclude>
    <ClInclude Include="Statistics.Mean.h">
      <Filter>Header Files</Filter>
    </ClInclude>
    <ClInclude Include="Statistics.DevFromMean.h">
      <Filter>Header Files</Filter>
    </ClInclude>
    <ClInclude Include="Kernel.Algo.ArraySum3D.h">
      <Filter>Header Files</Filter>
    </ClInclude>
    <ClInclude Include="Kernel.Algo.AdaptWnd3D.h">
      <Filter>Header Files</Filter>
    </ClInclude>
    <ClInclude Include="Kernel.Algo.ArraySum_W32H16.h">
      <Filter>Header Files</Filter>
    </ClInclude>
    <ClInclude Include="Kernel.Algo.AdaptWnd_W32H16.h">
      <Filter>Header Files</Filter>
    </ClInclude>
    <ClInclude Include="Statistics.Histogram.h">
      <Filter>Header Files</Filter>
    </ClInclude>
    <ClInclude Include="Statistics.MeanStdDev.h">
      <Filter>Header Files</Filter>
    </ClInclude>
    <ClInclude Include="Statistics.StdDev.h">
      <Filter>Header Files</Filter>
    </ClInclude>
    <ClInclude Include="Filter.Sobel.h">
      <Filter>Header Files</Filter>
    </ClInclude>
    <ClInclude Include="Statistics.RelDevFromMean.h">
      <Filter>Header Files</Filter>
    </ClInclude>
  </ItemGroup>
  <ItemGroup>
    <CudaCompile Include="Homography.cu">
      <Filter>Source Files</Filter>
    </CudaCompile>
    <CudaCompile Include="CreateMipMaps.cu">
      <Filter>Source Files</Filter>
    </CudaCompile>
    <CudaCompile Include="RectifyImage.cu">
      <Filter>Source Files</Filter>
    </CudaCompile>
    <CudaCompile Include="CensusTransform.cu">
      <Filter>Source Files</Filter>
    </CudaCompile>
    <CudaCompile Include="Statistics.Mean.cu">
      <Filter>Source Files</Filter>
    </CudaCompile>
    <CudaCompile Include="Statistics.DevFromMean.cu">
      <Filter>Source Files</Filter>
    </CudaCompile>
    <CudaCompile Include="Statistics.Histogram.cu">
      <Filter>Source Files</Filter>
    </CudaCompile>
    <CudaCompile Include="Statistics.MeanStdDev.cu">
      <Filter>Source Files</Filter>
    </CudaCompile>
    <CudaCompile Include="Statistics.StdDev.cu">
      <Filter>Source Files</Filter>
    </CudaCompile>
    <CudaCompile Include="Filter.Sobel.cu">
      <Filter>Source Files</Filter>
    </CudaCompile>
    <CudaCompile Include="Statistics.RelDevFromMean.cu">
      <Filter>Source Files</Filter>
    </CudaCompile>
  </ItemGroup>
  <ItemGroup>
    <ClCompile Include="Dummy.cpp">
      <Filter>Source Files</Filter>
    </ClCompile>
  </ItemGroup>
</Project>